
Microsoft Visual Studio Solution File, Format Version 12.00
# Visual Studio Version 17
VisualStudioVersion = 17.5.33424.131
MinimumVisualStudioVersion = 10.0.40219.1
Project("{FAE04EC0-301F-11D3-BF4B-00C04F79EFBC}") = "ConsoleApp1", "ConsoleApp1\ConsoleApp1.csproj", "{AA57705F-4C14-4A38-93E2-88E2A7AAD96E}"
EndProject
Global
	GlobalSection(SolutionConfigurationPlatforms) = preSolution
		Debug|Any CPU = Debug|Any CPU
		Release|Any CPU = Release|Any CPU
	EndGlobalSection
	GlobalSection(ProjectConfigurationPlatforms) = postSolution
		{AA57705F-4C14-4A38-93E2-88E2A7AAD96E}.Debug|Any CPU.ActiveCfg = Debug|Any CPU
		{AA57705F-4C14-4A38-93E2-88E2A7AAD96E}.Debug|Any CPU.Build.0 = Debug|Any CPU
		{AA57705F-4C14-4A38-93E2-88E2A7AAD96E}.Release|Any CPU.ActiveCfg = Release|Any CPU
		{AA57705F-4C14-4A38-93E2-88E2A7AAD96E}.Release|Any CPU.Build.0 = Release|Any CPU
	EndGlobalSection
	GlobalSection(SolutionProperties) = preSolution
		HideSolutionNode = FALSE
	EndGlobalSection
	GlobalSection(ExtensibilityGlobals) = postSolution
		SolutionGuid = {7DE7B5D2-EBC8-40A5-8E6A-7F79E72F0811}
	EndGlobalSection
EndGlobal
